
Microsoft Visual Studio Solution File, Format Version 12.00
# Visual Studio Version 17
VisualStudioVersion = 17.3.32825.248
MinimumVisualStudioVersion = 15.0.26124.0
Project("{9A19103F-16F7-4668-BE54-9A1E7A4F7556}") = "Demo", "Demo\Demo.csproj", "{D09E1A1C-5B96-40F4-A30E-B0FF08FE1D96}"
EndProject
Project("{9A19103F-16F7-4668-BE54-9A1E7A4F7556}") = "Compiler", "Compiler\Compiler.csproj", "{813433B1-0C11-4DE1-9E76-53CA5135075A}"
EndProject
Project("{9A19103F-16F7-4668-BE54-9A1E7A4F7556}") = "Compiler.Test", "Test\Compiler.Test.csproj", "{70D803D5-D91B-44B3-A12E-D99E497278A2}"
EndProject
Project("{9A19103F-16F7-4668-BE54-9A1E7A4F7556}") = "SimpleEmulator", "SimpleEmulator\SimpleEmulator.csproj", "{9C4ED1CA-5B60-4D8B-AE40-3975E352C626}"
EndProject
Project("{9A19103F-16F7-4668-BE54-9A1E7A4F7556}") = "C64TestFramework", "C64TestFramework\C64TestFramework.csproj", "{486E8F55-BA40-4157-A514-5FFFA6E5931B}"
EndProject
Project("{9A19103F-16F7-4668-BE54-9A1E7A4F7556}") = "C64Lib", "C64Lib\C64Lib.csproj", "{233A9982-7738-42C2-A6AB-D1323AC48C05}"
EndProject
Project("{9A19103F-16F7-4668-BE54-9A1E7A4F7556}") = "C64Presentation", "C64Presentation\C64Presentation.csproj", "{69DDB2E5-47B1-480B-A559-7442D417B5A6}"
EndProject
Project("{2150E333-8FDC-42A3-9474-1A3956D46DE8}") = "asm", "asm", "{6C456ECB-F27B-45C0-A97E-49C42B99766D}"
	ProjectSection(SolutionItems) = preProject
		asm\C64.asm = asm\C64.asm
		asm\C64Debug.asm = asm\C64Debug.asm
		asm\c64Joystick.asm = asm\c64Joystick.asm
		asm\c64Keys.asm = asm\c64Keys.asm
		asm\C64Sound.asm = asm\C64Sound.asm
		asm\c64sprite.asm = asm\c64sprite.asm
		asm\data.asm = asm\data.asm
		asm\GC.asm = asm\GC.asm
		asm\main.asm = asm\main.asm
		asm\Program.asm = asm\Program.asm
		asm\system.asm = asm\system.asm
		asm\unittest.asm = asm\unittest.asm
	EndProjectSection
EndProject
Project("{2150E333-8FDC-42A3-9474-1A3956D46DE8}") = "helper", "helper", "{390B952B-D9EF-406B-A6A2-C2C29A1ABB3C}"
	ProjectSection(SolutionItems) = preProject
		asm\helper\16bit.asm = asm\helper\16bit.asm
		asm\helper\8bit.asm = asm\helper\8bit.asm
		asm\helper\arithmetic.asm = asm\helper\arithmetic.asm
		asm\helper\branch.asm = asm\helper\branch.asm
		asm\helper\customStack.asm = asm\helper\customStack.asm
		asm\helper\heap.asm = asm\helper\heap.asm
		asm\helper\loader.asm = asm\helper\loader.asm
		asm\helper\localsStack.asm = asm\helper\localsStack.asm
		asm\helper\object.asm = asm\helper\object.asm
		asm\helper\optimized.asm = asm\helper\optimized.asm
		asm\helper\stack.asm = asm\helper\stack.asm
		asm\helper\zp.asm = asm\helper\zp.asm
	EndProjectSection
EndProject
Project("{2150E333-8FDC-42A3-9474-1A3956D46DE8}") = "generated", "generated", "{4BB6AA39-0331-41A3-9420-885062CF26DE}"
	ProjectSection(SolutionItems) = preProject
		asm\generated\data.asm = asm\generated\data.asm
		asm\generated\Delay.asm = asm\generated\Delay.asm
		asm\generated\Enemy.asm = asm\generated\Enemy.asm
		asm\generated\Game.asm = asm\generated\Game.asm
		asm\generated\GameObject.asm = asm\generated\GameObject.asm
		asm\generated\generated.asm = asm\generated\generated.asm
		asm\generated\Knight.asm = asm\generated\Knight.asm
		asm\generated\LevelDescription.asm = asm\generated\LevelDescription.asm
		asm\generated\LevelPlay.asm = asm\generated\LevelPlay.asm
		asm\generated\Player.asm = asm\generated\Player.asm
		asm\generated\PlayerStats.asm = asm\generated\PlayerStats.asm
		asm\generated\Program.asm = asm\generated\Program.asm
		asm\generated\Rope.asm = asm\generated\Rope.asm
		asm\generated\Screen.asm = asm\generated\Screen.asm
		asm\generated\TitleScreen.asm = asm\generated\TitleScreen.asm
		asm\generated\Tone.asm = asm\generated\Tone.asm
		asm\generated\Wall.asm = asm\generated\Wall.asm
	EndProjectSection
EndProject
Global
	GlobalSection(SolutionConfigurationPlatforms) = preSolution
		Debug|Any CPU = Debug|Any CPU
		Debug|x64 = Debug|x64
		Debug|x86 = Debug|x86
		Release|Any CPU = Release|Any CPU
		Release|x64 = Release|x64
		Release|x86 = Release|x86
	EndGlobalSection
	GlobalSection(ProjectConfigurationPlatforms) = postSolution
		{D09E1A1C-5B96-40F4-A30E-B0FF08FE1D96}.Debug|Any CPU.ActiveCfg = Debug|Any CPU
		{D09E1A1C-5B96-40F4-A30E-B0FF08FE1D96}.Debug|Any CPU.Build.0 = Debug|Any CPU
		{D09E1A1C-5B96-40F4-A30E-B0FF08FE1D96}.Debug|x64.ActiveCfg = Debug|Any CPU
		{D09E1A1C-5B96-40F4-A30E-B0FF08FE1D96}.Debug|x64.Build.0 = Debug|Any CPU
		{D09E1A1C-5B96-40F4-A30E-B0FF08FE1D96}.Debug|x86.ActiveCfg = Debug|Any CPU
		{D09E1A1C-5B96-40F4-A30E-B0FF08FE1D96}.Debug|x86.Build.0 = Debug|Any CPU
		{D09E1A1C-5B96-40F4-A30E-B0FF08FE1D96}.Release|Any CPU.ActiveCfg = Release|Any CPU
		{D09E1A1C-5B96-40F4-A30E-B0FF08FE1D96}.Release|Any CPU.Build.0 = Release|Any CPU
		{D09E1A1C-5B96-40F4-A30E-B0FF08FE1D96}.Release|x64.ActiveCfg = Release|Any CPU
		{D09E1A1C-5B96-40F4-A30E-B0FF08FE1D96}.Release|x64.Build.0 = Release|Any CPU
		{D09E1A1C-5B96-40F4-A30E-B0FF08FE1D96}.Release|x86.ActiveCfg = Release|Any CPU
		{D09E1A1C-5B96-40F4-A30E-B0FF08FE1D96}.Release|x86.Build.0 = Release|Any CPU
		{813433B1-0C11-4DE1-9E76-53CA5135075A}.Debug|Any CPU.ActiveCfg = Debug|Any CPU
		{813433B1-0C11-4DE1-9E76-53CA5135075A}.Debug|Any CPU.Build.0 = Debug|Any CPU
		{813433B1-0C11-4DE1-9E76-53CA5135075A}.Debug|x64.ActiveCfg = Debug|Any CPU
		{813433B1-0C11-4DE1-9E76-53CA5135075A}.Debug|x64.Build.0 = Debug|Any CPU
		{813433B1-0C11-4DE1-9E76-53CA5135075A}.Debug|x86.ActiveCfg = Debug|Any CPU
		{813433B1-0C11-4DE1-9E76-53CA5135075A}.Debug|x86.Build.0 = Debug|Any CPU
		{813433B1-0C11-4DE1-9E76-53CA5135075A}.Release|Any CPU.ActiveCfg = Release|Any CPU
		{813433B1-0C11-4DE1-9E76-53CA5135075A}.Release|Any CPU.Build.0 = Release|Any CPU
		{813433B1-0C11-4DE1-9E76-53CA5135075A}.Release|x64.ActiveCfg = Release|Any CPU
		{813433B1-0C11-4DE1-9E76-53CA5135075A}.Release|x64.Build.0 = Release|Any CPU
		{813433B1-0C11-4DE1-9E76-53CA5135075A}.Release|x86.ActiveCfg = Release|Any CPU
		{813433B1-0C11-4DE1-9E76-53CA5135075A}.Release|x86.Build.0 = Release|Any CPU
		{70D803D5-D91B-44B3-A12E-D99E497278A2}.Debug|Any CPU.ActiveCfg = Debug|Any CPU
		{70D803D5-D91B-44B3-A12E-D99E497278A2}.Debug|Any CPU.Build.0 = Debug|Any CPU
		{70D803D5-D91B-44B3-A12E-D99E497278A2}.Debug|x64.ActiveCfg = Debug|Any CPU
		{70D803D5-D91B-44B3-A12E-D99E497278A2}.Debug|x64.Build.0 = Debug|Any CPU
		{70D803D5-D91B-44B3-A12E-D99E497278A2}.Debug|x86.ActiveCfg = Debug|Any CPU
		{70D803D5-D91B-44B3-A12E-D99E497278A2}.Debug|x86.Build.0 = Debug|Any CPU
		{70D803D5-D91B-44B3-A12E-D99E497278A2}.Release|Any CPU.ActiveCfg = Release|Any CPU
		{70D803D5-D91B-44B3-A12E-D99E497278A2}.Release|Any CPU.Build.0 = Release|Any CPU
		{70D803D5-D91B-44B3-A12E-D99E497278A2}.Release|x64.ActiveCfg = Release|Any CPU
		{70D803D5-D91B-44B3-A12E-D99E497278A2}.Release|x64.Build.0 = Release|Any CPU
		{70D803D5-D91B-44B3-A12E-D99E497278A2}.Release|x86.ActiveCfg = Release|Any CPU
		{70D803D5-D91B-44B3-A12E-D99E497278A2}.Release|x86.Build.0 = Release|Any CPU
		{9C4ED1CA-5B60-4D8B-AE40-3975E352C626}.Debug|Any CPU.ActiveCfg = Debug|Any CPU
		{9C4ED1CA-5B60-4D8B-AE40-3975E352C626}.Debug|Any CPU.Build.0 = Debug|Any CPU
		{9C4ED1CA-5B60-4D8B-AE40-3975E352C626}.Debug|x64.ActiveCfg = Debug|Any CPU
		{9C4ED1CA-5B60-4D8B-AE40-3975E352C626}.Debug|x64.Build.0 = Debug|Any CPU
		{9C4ED1CA-5B60-4D8B-AE40-3975E352C626}.Debug|x86.ActiveCfg = Debug|Any CPU
		{9C4ED1CA-5B60-4D8B-AE40-3975E352C626}.Debug|x86.Build.0 = Debug|Any CPU
		{9C4ED1CA-5B60-4D8B-AE40-3975E352C626}.Release|Any CPU.ActiveCfg = Release|Any CPU
		{9C4ED1CA-5B60-4D8B-AE40-3975E352C626}.Release|Any CPU.Build.0 = Release|Any CPU
		{9C4ED1CA-5B60-4D8B-AE40-3975E352C626}.Release|x64.ActiveCfg = Release|Any CPU
		{9C4ED1CA-5B60-4D8B-AE40-3975E352C626}.Release|x64.Build.0 = Release|Any CPU
		{9C4ED1CA-5B60-4D8B-AE40-3975E352C626}.Release|x86.ActiveCfg = Release|Any CPU
		{9C4ED1CA-5B60-4D8B-AE40-3975E352C626}.Release|x86.Build.0 = Release|Any CPU
		{486E8F55-BA40-4157-A514-5FFFA6E5931B}.Debug|Any CPU.ActiveCfg = Debug|Any CPU
		{486E8F55-BA40-4157-A514-5FFFA6E5931B}.Debug|Any CPU.Build.0 = Debug|Any CPU
		{486E8F55-BA40-4157-A514-5FFFA6E5931B}.Debug|x64.ActiveCfg = Debug|Any CPU
		{486E8F55-BA40-4157-A514-5FFFA6E5931B}.Debug|x64.Build.0 = Debug|Any CPU
		{486E8F55-BA40-4157-A514-5FFFA6E5931B}.Debug|x86.ActiveCfg = Debug|Any CPU
		{486E8F55-BA40-4157-A514-5FFFA6E5931B}.Debug|x86.Build.0 = Debug|Any CPU
		{486E8F55-BA40-4157-A514-5FFFA6E5931B}.Release|Any CPU.ActiveCfg = Release|Any CPU
		{486E8F55-BA40-4157-A514-5FFFA6E5931B}.Release|Any CPU.Build.0 = Release|Any CPU
		{486E8F55-BA40-4157-A514-5FFFA6E5931B}.Release|x64.ActiveCfg = Release|Any CPU
		{486E8F55-BA40-4157-A514-5FFFA6E5931B}.Release|x64.Build.0 = Release|Any CPU
		{486E8F55-BA40-4157-A514-5FFFA6E5931B}.Release|x86.ActiveCfg = Release|Any CPU
		{486E8F55-BA40-4157-A514-5FFFA6E5931B}.Release|x86.Build.0 = Release|Any CPU
		{233A9982-7738-42C2-A6AB-D1323AC48C05}.Debug|Any CPU.ActiveCfg = Debug|Any CPU
		{233A9982-7738-42C2-A6AB-D1323AC48C05}.Debug|Any CPU.Build.0 = Debug|Any CPU
		{233A9982-7738-42C2-A6AB-D1323AC48C05}.Debug|x64.ActiveCfg = Debug|Any CPU
		{233A9982-7738-42C2-A6AB-D1323AC48C05}.Debug|x64.Build.0 = Debug|Any CPU
		{233A9982-7738-42C2-A6AB-D1323AC48C05}.Debug|x86.ActiveCfg = Debug|Any CPU
		{233A9982-7738-42C2-A6AB-D1323AC48C05}.Debug|x86.Build.0 = Debug|Any CPU
		{233A9982-7738-42C2-A6AB-D1323AC48C05}.Release|Any CPU.ActiveCfg = Release|Any CPU
		{233A9982-7738-42C2-A6AB-D1323AC48C05}.Release|Any CPU.Build.0 = Release|Any CPU
		{233A9982-7738-42C2-A6AB-D1323AC48C05}.Release|x64.ActiveCfg = Release|Any CPU
		{233A9982-7738-42C2-A6AB-D1323AC48C05}.Release|x64.Build.0 = Release|Any CPU
		{233A9982-7738-42C2-A6AB-D1323AC48C05}.Release|x86.ActiveCfg = Release|Any CPU
		{233A9982-7738-42C2-A6AB-D1323AC48C05}.Release|x86.Build.0 = Release|Any CPU
		{69DDB2E5-47B1-480B-A559-7442D417B5A6}.Debug|Any CPU.ActiveCfg = Debug|Any CPU
		{69DDB2E5-47B1-480B-A559-7442D417B5A6}.Debug|Any CPU.Build.0 = Debug|Any CPU
		{69DDB2E5-47B1-480B-A559-7442D417B5A6}.Debug|x64.ActiveCfg = Debug|Any CPU
		{69DDB2E5-47B1-480B-A559-7442D417B5A6}.Debug|x64.Build.0 = Debug|Any CPU
		{69DDB2E5-47B1-480B-A559-7442D417B5A6}.Debug|x86.ActiveCfg = Debug|Any CPU
		{69DDB2E5-47B1-480B-A559-7442D417B5A6}.Debug|x86.Build.0 = Debug|Any CPU
		{69DDB2E5-47B1-480B-A559-7442D417B5A6}.Release|Any CPU.ActiveCfg = Release|Any CPU
		{69DDB2E5-47B1-480B-A559-7442D417B5A6}.Release|Any CPU.Build.0 = Release|Any CPU
		{69DDB2E5-47B1-480B-A559-7442D417B5A6}.Release|x64.ActiveCfg = Release|Any CPU
		{69DDB2E5-47B1-480B-A559-7442D417B5A6}.Release|x64.Build.0 = Release|Any CPU
		{69DDB2E5-47B1-480B-A559-7442D417B5A6}.Release|x86.ActiveCfg = Release|Any CPU
		{69DDB2E5-47B1-480B-A559-7442D417B5A6}.Release|x86.Build.0 = Release|Any CPU
	EndGlobalSection
	GlobalSection(SolutionProperties) = preSolution
		HideSolutionNode = FALSE
	EndGlobalSection
	GlobalSection(NestedProjects) = preSolution
		{390B952B-D9EF-406B-A6A2-C2C29A1ABB3C} = {6C456ECB-F27B-45C0-A97E-49C42B99766D}
		{4BB6AA39-0331-41A3-9420-885062CF26DE} = {6C456ECB-F27B-45C0-A97E-49C42B99766D}
	EndGlobalSection
	GlobalSection(ExtensibilityGlobals) = postSolution
		SolutionGuid = {D87EC081-913B-4FF1-9D29-17018065ED7E}
	EndGlobalSection
EndGlobal
